// !$*UTF8*$!
{
	archiveVersion = 1;
	classes = {
	};
	objectVersion = 56;
	objects = {

/* Begin PBXBuildFile section */
		2B0158672B9789F20026CA84 /* DetailCategorieView.swift in Sources */ = {isa = PBXBuildFile; fileRef = 2B0158662B9789F20026CA84 /* DetailCategorieView.swift */; };
		2B0BBE502BB48EFC006D93EB /* ImagePickerCoordinator.swift in Sources */ = {isa = PBXBuildFile; fileRef = 2B0BBE4F2BB48EFC006D93EB /* ImagePickerCoordinator.swift */; };
		2B1738A12BAD80FC0043CAF0 /* CalendarDetailNewEntryView.swift in Sources */ = {isa = PBXBuildFile; fileRef = 2B1738A02BAD80FC0043CAF0 /* CalendarDetailNewEntryView.swift */; };
		2B1738A32BAD82050043CAF0 /* MapKitNewEntryView.swift in Sources */ = {isa = PBXBuildFile; fileRef = 2B1738A22BAD82050043CAF0 /* MapKitNewEntryView.swift */; };
		2B2778B22B8F5C9B00779FB5 /* MeetMeAtTheCampfireApp.swift in Sources */ = {isa = PBXBuildFile; fileRef = 2B2778B12B8F5C9B00779FB5 /* MeetMeAtTheCampfireApp.swift */; };
		2B2778B62B8F5C9C00779FB5 /* Assets.xcassets in Resources */ = {isa = PBXBuildFile; fileRef = 2B2778B52B8F5C9C00779FB5 /* Assets.xcassets */; };
		2B2778C02B8FA74B00779FB5 /* GoogleService-Info.plist in Resources */ = {isa = PBXBuildFile; fileRef = 2B2778BF2B8FA74B00779FB5 /* GoogleService-Info.plist */; };
		2B2778C32B9069D700779FB5 /* FirebaseAnalytics in Frameworks */ = {isa = PBXBuildFile; productRef = 2B2778C22B9069D700779FB5 /* FirebaseAnalytics */; };
		2B2778C52B9069D700779FB5 /* FirebaseAnalyticsOnDeviceConversion in Frameworks */ = {isa = PBXBuildFile; productRef = 2B2778C42B9069D700779FB5 /* FirebaseAnalyticsOnDeviceConversion */; };
		2B2778C72B9069D700779FB5 /* FirebaseAnalyticsSwift in Frameworks */ = {isa = PBXBuildFile; productRef = 2B2778C62B9069D700779FB5 /* FirebaseAnalyticsSwift */; };
		2B2778C92B9069D700779FB5 /* FirebaseAnalyticsWithoutAdIdSupport in Frameworks */ = {isa = PBXBuildFile; productRef = 2B2778C82B9069D700779FB5 /* FirebaseAnalyticsWithoutAdIdSupport */; };
		2B2778CB2B9069D700779FB5 /* FirebaseAppCheck in Frameworks */ = {isa = PBXBuildFile; productRef = 2B2778CA2B9069D700779FB5 /* FirebaseAppCheck */; };
		2B2778CE2B906C4E00779FB5 /* FirebaseAppDistribution-Beta in Frameworks */ = {isa = PBXBuildFile; productRef = 2B2778CD2B906C4E00779FB5 /* FirebaseAppDistribution-Beta */; };
		2B2778D02B906C4E00779FB5 /* FirebaseAuth in Frameworks */ = {isa = PBXBuildFile; productRef = 2B2778CF2B906C4E00779FB5 /* FirebaseAuth */; };
		2B2778D22B906C4E00779FB5 /* FirebaseAuthCombine-Community in Frameworks */ = {isa = PBXBuildFile; productRef = 2B2778D12B906C4E00779FB5 /* FirebaseAuthCombine-Community */; };
		2B2778D42B906C4E00779FB5 /* FirebaseCrashlytics in Frameworks */ = {isa = PBXBuildFile; productRef = 2B2778D32B906C4E00779FB5 /* FirebaseCrashlytics */; };
		2B2778D62B906C4E00779FB5 /* FirebaseDatabase in Frameworks */ = {isa = PBXBuildFile; productRef = 2B2778D52B906C4E00779FB5 /* FirebaseDatabase */; };
		2B2778D82B906C4E00779FB5 /* FirebaseDatabaseSwift in Frameworks */ = {isa = PBXBuildFile; productRef = 2B2778D72B906C4E00779FB5 /* FirebaseDatabaseSwift */; };
		2B2778DA2B906C4E00779FB5 /* FirebaseDynamicLinks in Frameworks */ = {isa = PBXBuildFile; productRef = 2B2778D92B906C4E00779FB5 /* FirebaseDynamicLinks */; };
		2B2778DC2B906C4E00779FB5 /* FirebaseFirestore in Frameworks */ = {isa = PBXBuildFile; productRef = 2B2778DB2B906C4E00779FB5 /* FirebaseFirestore */; };
		2B2778DE2B906C4E00779FB5 /* FirebaseFirestoreCombine-Community in Frameworks */ = {isa = PBXBuildFile; productRef = 2B2778DD2B906C4E00779FB5 /* FirebaseFirestoreCombine-Community */; };
		2B2778E02B906C4E00779FB5 /* FirebaseFirestoreSwift in Frameworks */ = {isa = PBXBuildFile; productRef = 2B2778DF2B906C4E00779FB5 /* FirebaseFirestoreSwift */; };
		2B2778E22B906C4E00779FB5 /* FirebaseFunctions in Frameworks */ = {isa = PBXBuildFile; productRef = 2B2778E12B906C4E00779FB5 /* FirebaseFunctions */; };
		2B2778E42B906C4E00779FB5 /* FirebaseFunctionsCombine-Community in Frameworks */ = {isa = PBXBuildFile; productRef = 2B2778E32B906C4E00779FB5 /* FirebaseFunctionsCombine-Community */; };
		2B2778E62B906C4E00779FB5 /* FirebaseInAppMessaging-Beta in Frameworks */ = {isa = PBXBuildFile; productRef = 2B2778E52B906C4E00779FB5 /* FirebaseInAppMessaging-Beta */; };
		2B2778E82B906C4E00779FB5 /* FirebaseInAppMessagingSwift-Beta in Frameworks */ = {isa = PBXBuildFile; productRef = 2B2778E72B906C4E00779FB5 /* FirebaseInAppMessagingSwift-Beta */; };
		2B2778EA2B906C4E00779FB5 /* FirebaseInstallations in Frameworks */ = {isa = PBXBuildFile; productRef = 2B2778E92B906C4E00779FB5 /* FirebaseInstallations */; };
		2B2778EC2B906C4E00779FB5 /* FirebaseMessaging in Frameworks */ = {isa = PBXBuildFile; productRef = 2B2778EB2B906C4E00779FB5 /* FirebaseMessaging */; };
		2B2778EE2B906C4E00779FB5 /* FirebaseMLModelDownloader in Frameworks */ = {isa = PBXBuildFile; productRef = 2B2778ED2B906C4E00779FB5 /* FirebaseMLModelDownloader */; };
		2B2778F02B906C4E00779FB5 /* FirebasePerformance in Frameworks */ = {isa = PBXBuildFile; productRef = 2B2778EF2B906C4E00779FB5 /* FirebasePerformance */; };
		2B2778F22B906C4E00779FB5 /* FirebaseRemoteConfig in Frameworks */ = {isa = PBXBuildFile; productRef = 2B2778F12B906C4E00779FB5 /* FirebaseRemoteConfig */; };
		2B2778F42B906C4E00779FB5 /* FirebaseRemoteConfigSwift in Frameworks */ = {isa = PBXBuildFile; productRef = 2B2778F32B906C4E00779FB5 /* FirebaseRemoteConfigSwift */; };
		2B2778F62B906C4E00779FB5 /* FirebaseStorage in Frameworks */ = {isa = PBXBuildFile; productRef = 2B2778F52B906C4E00779FB5 /* FirebaseStorage */; };
		2B2778F82B906C4E00779FB5 /* FirebaseStorageCombine-Community in Frameworks */ = {isa = PBXBuildFile; productRef = 2B2778F72B906C4E00779FB5 /* FirebaseStorageCombine-Community */; };
		2B2778FD2B9079F200779FB5 /* FirebaseManager.swift in Sources */ = {isa = PBXBuildFile; fileRef = 2B2778FC2B9079F200779FB5 /* FirebaseManager.swift */; };
		2B2779002B907E7B00779FB5 /* LoginView.swift in Sources */ = {isa = PBXBuildFile; fileRef = 2B2778FF2B907E7B00779FB5 /* LoginView.swift */; };
		2B2779022B907E8800779FB5 /* RegisterView.swift in Sources */ = {isa = PBXBuildFile; fileRef = 2B2779012B907E8800779FB5 /* RegisterView.swift */; };
		2B2779052B907EBF00779FB5 /* AuthViewModel.swift in Sources */ = {isa = PBXBuildFile; fileRef = 2B2779042B907EBF00779FB5 /* AuthViewModel.swift */; };
		2B2779082B90810300779FB5 /* UserModel.swift in Sources */ = {isa = PBXBuildFile; fileRef = 2B2779072B90810300779FB5 /* UserModel.swift */; };
		2B2A3E472B90B176007E5E7F /* ButtonTextAction.swift in Sources */ = {isa = PBXBuildFile; fileRef = 2B2A3E462B90B176007E5E7F /* ButtonTextAction.swift */; };
		2B2CEC5E2BD4558200348DD1 /* ProfileScreenViewModel.swift in Sources */ = {isa = PBXBuildFile; fileRef = 2B2CEC5D2BD4558200348DD1 /* ProfileScreenViewModel.swift */; };
		2B36879C2B9E039400F2E944 /* CheckmarkIsRead.swift in Sources */ = {isa = PBXBuildFile; fileRef = 2B36879B2B9E039400F2E944 /* CheckmarkIsRead.swift */; };
		2B36879E2B9E03A700F2E944 /* CheckmarkNotRead.swift in Sources */ = {isa = PBXBuildFile; fileRef = 2B36879D2B9E03A700F2E944 /* CheckmarkNotRead.swift */; };
		2B43E1752BAACED400375D58 /* LogBookModel.swift in Sources */ = {isa = PBXBuildFile; fileRef = 2B43E1742BAACED400375D58 /* LogBookModel.swift */; };
		2B511B302BA9D9A5004AEAD6 /* MapKitView.swift in Sources */ = {isa = PBXBuildFile; fileRef = 2B511B2F2BA9D9A5004AEAD6 /* MapKitView.swift */; };
		2B5561502BAB0A480028C6E5 /* CalendarDetailItemView.swift in Sources */ = {isa = PBXBuildFile; fileRef = 2B55614F2BAB0A480028C6E5 /* CalendarDetailItemView.swift */; };
		2B5561522BAB0A5A0028C6E5 /* CalendarDetailItemViewModel.swift in Sources */ = {isa = PBXBuildFile; fileRef = 2B5561512BAB0A5A0028C6E5 /* CalendarDetailItemViewModel.swift */; };
		2B5D19402B91DD3D004DB072 /* AuthenticationRepository.swift in Sources */ = {isa = PBXBuildFile; fileRef = 2B5D193F2B91DD3D004DB072 /* AuthenticationRepository.swift */; };
		2B5DF1852B99B46E00FA285C /* ChatModel.swift in Sources */ = {isa = PBXBuildFile; fileRef = 2B5DF1842B99B46E00FA285C /* ChatModel.swift */; };
		2B5DF1892B99B68900FA285C /* ChatItemView.swift in Sources */ = {isa = PBXBuildFile; fileRef = 2B5DF1882B99B68900FA285C /* ChatItemView.swift */; };
		2B5DF18B2B99B7B900FA285C /* ChatItemViewModel.swift in Sources */ = {isa = PBXBuildFile; fileRef = 2B5DF18A2B99B7B900FA285C /* ChatItemViewModel.swift */; };
		2B8E6D8E2BCF9D880042C15F /* VideoStartCategories.swift in Sources */ = {isa = PBXBuildFile; fileRef = 2B8E6D8D2BCF9D880042C15F /* VideoStartCategories.swift */; };
		2B8E6D902BCF9F3D0042C15F /* VideoStartToDos.swift in Sources */ = {isa = PBXBuildFile; fileRef = 2B8E6D8F2BCF9F3D0042C15F /* VideoStartToDos.swift */; };
		2BAB624A2B95D60B00C7839E /* HomeScreenView.swift in Sources */ = {isa = PBXBuildFile; fileRef = 2BAB62492B95D60B00C7839E /* HomeScreenView.swift */; };
		2BAB624C2B95D61B00C7839E /* HomeScreenViewModel.swift in Sources */ = {isa = PBXBuildFile; fileRef = 2BAB624B2B95D61B00C7839E /* HomeScreenViewModel.swift */; };
		2BAB624E2B95D64300C7839E /* CategorieAddView.swift in Sources */ = {isa = PBXBuildFile; fileRef = 2BAB624D2B95D64300C7839E /* CategorieAddView.swift */; };
		2BAB62502B95D79800C7839E /* CategorieViewModel.swift in Sources */ = {isa = PBXBuildFile; fileRef = 2BAB624F2B95D79800C7839E /* CategorieViewModel.swift */; };
		2BAB62532B95DDC600C7839E /* CategorieFilledView.swift in Sources */ = {isa = PBXBuildFile; fileRef = 2BAB62522B95DDC600C7839E /* CategorieFilledView.swift */; };
		2BAB62552B95E04900C7839E /* CategorieModel.swift in Sources */ = {isa = PBXBuildFile; fileRef = 2BAB62542B95E04900C7839E /* CategorieModel.swift */; };
		2BB2B0332BA83A3A0003CFE2 /* CalendarExtensions.swift in Sources */ = {isa = PBXBuildFile; fileRef = 2BB2B0322BA83A3A0003CFE2 /* CalendarExtensions.swift */; };
		2BB2B03B2BA84BA20003CFE2 /* CalendarYearlyView.swift in Sources */ = {isa = PBXBuildFile; fileRef = 2BB2B03A2BA84BA20003CFE2 /* CalendarYearlyView.swift */; };
		2BB2B03D2BA84F1F0003CFE2 /* CalendarYearExtensions.swift in Sources */ = {isa = PBXBuildFile; fileRef = 2BB2B03C2BA84F1F0003CFE2 /* CalendarYearExtensions.swift */; };
		2BBC150A2B9B5BF400305504 /* ToDoListe.swift in Sources */ = {isa = PBXBuildFile; fileRef = 2BBC15092B9B5BF400305504 /* ToDoListe.swift */; };
		2BBC150F2B9B66DD00305504 /* LanguageRepository.swift in Sources */ = {isa = PBXBuildFile; fileRef = 2BBC150E2B9B66DD00305504 /* LanguageRepository.swift */; };
		2BBC15132B9B719A00305504 /* Language.swift in Sources */ = {isa = PBXBuildFile; fileRef = 2BBC15122B9B719A00305504 /* Language.swift */; };
		2BBC15152B9B746000305504 /* LanguageError.swift in Sources */ = {isa = PBXBuildFile; fileRef = 2BBC15142B9B746000305504 /* LanguageError.swift */; };
		2BBC15172B9B754D00305504 /* LanguageApiKey.swift in Sources */ = {isa = PBXBuildFile; fileRef = 2BBC15162B9B754D00305504 /* LanguageApiKey.swift */; };
		2BBC15192B9C614900305504 /* Translation.swift in Sources */ = {isa = PBXBuildFile; fileRef = 2BBC15182B9C614900305504 /* Translation.swift */; };
		2BBC151B2B9C6B2600305504 /* LanguageScreenViewModel.swift in Sources */ = {isa = PBXBuildFile; fileRef = 2BBC151A2B9C6B2600305504 /* LanguageScreenViewModel.swift */; };
		2BBC151D2B9C6B3C00305504 /* LanguageScreenView.swift in Sources */ = {isa = PBXBuildFile; fileRef = 2BBC151C2B9C6B3C00305504 /* LanguageScreenView.swift */; };
		2BBE46642BA1E032002A11A2 /* DetailCategorieViewModel.swift in Sources */ = {isa = PBXBuildFile; fileRef = 2BBE46632BA1E032002A11A2 /* DetailCategorieViewModel.swift */; };
		2BBE46662BA1E04F002A11A2 /* DetailCategorieItemAddView.swift in Sources */ = {isa = PBXBuildFile; fileRef = 2BBE46652BA1E04F002A11A2 /* DetailCategorieItemAddView.swift */; };
		2BBE46682BA1E1B7002A11A2 /* DetailCategorieItemFilledView.swift in Sources */ = {isa = PBXBuildFile; fileRef = 2BBE46672BA1E1B7002A11A2 /* DetailCategorieItemFilledView.swift */; };
		2BBE466D2BA1E2BF002A11A2 /* DetailCategorieItemViewModel.swift in Sources */ = {isa = PBXBuildFile; fileRef = 2BBE466C2BA1E2BF002A11A2 /* DetailCategorieItemViewModel.swift */; };
		2BBE466F2BA1E360002A11A2 /* TaskModel.swift in Sources */ = {isa = PBXBuildFile; fileRef = 2BBE466E2BA1E360002A11A2 /* TaskModel.swift */; };
		2BCC09AC2B95C05B005BFC95 /* RightView.swift in Sources */ = {isa = PBXBuildFile; fileRef = 2BCC09AB2B95C05B005BFC95 /* RightView.swift */; };
		2BCC09AE2B95C066005BFC95 /* FalseView.swift in Sources */ = {isa = PBXBuildFile; fileRef = 2BCC09AD2B95C066005BFC95 /* FalseView.swift */; };
		2BD8D4342B9F60C40050CB64 /* ChatScreenViewModel.swift in Sources */ = {isa = PBXBuildFile; fileRef = 2BD8D4332B9F60C40050CB64 /* ChatScreenViewModel.swift */; };
		2BF347D92BD1BEC1007F0AB3 /* ToDo.MP4 in Resources */ = {isa = PBXBuildFile; fileRef = 2BF347D72BD1BEC1007F0AB3 /* ToDo.MP4 */; };
		2BF347DA2BD1BEC1007F0AB3 /* Cat.MP4 in Resources */ = {isa = PBXBuildFile; fileRef = 2BF347D82BD1BEC1007F0AB3 /* Cat.MP4 */; };
		2BF347DD2BD1D7E2007F0AB3 /* RoundedView.swift in Sources */ = {isa = PBXBuildFile; fileRef = 2BF347DC2BD1D7E2007F0AB3 /* RoundedView.swift */; };
		2BF4B9772B9874BC00C1AF1A /* MainScreenView.swift in Sources */ = {isa = PBXBuildFile; fileRef = 2BF4B9762B9874BC00C1AF1A /* MainScreenView.swift */; };
		2BF4B97A2B98764300C1AF1A /* ProfileScreenView.swift in Sources */ = {isa = PBXBuildFile; fileRef = 2BF4B9792B98764300C1AF1A /* ProfileScreenView.swift */; };
		2BF4B97D2B9877D900C1AF1A /* ChatScreenView.swift in Sources */ = {isa = PBXBuildFile; fileRef = 2BF4B97C2B9877D900C1AF1A /* ChatScreenView.swift */; };
		2BF4B9802B98A24C00C1AF1A /* SettingsScreenView.swift in Sources */ = {isa = PBXBuildFile; fileRef = 2BF4B97F2B98A24C00C1AF1A /* SettingsScreenView.swift */; };
/* End PBXBuildFile section */

/* Begin PBXFileReference section */
		2B0158662B9789F20026CA84 /* DetailCategorieView.swift */ = {isa = PBXFileReference; lastKnownFileType = sourcecode.swift; path = DetailCategorieView.swift; sourceTree = "<group>"; };
		2B0BBE4F2BB48EFC006D93EB /* ImagePickerCoordinator.swift */ = {isa = PBXFileReference; lastKnownFileType = sourcecode.swift; path = ImagePickerCoordinator.swift; sourceTree = "<group>"; };
		2B1738A02BAD80FC0043CAF0 /* CalendarDetailNewEntryView.swift */ = {isa = PBXFileReference; lastKnownFileType = sourcecode.swift; path = CalendarDetailNewEntryView.swift; sourceTree = "<group>"; };
		2B1738A22BAD82050043CAF0 /* MapKitNewEntryView.swift */ = {isa = PBXFileReference; lastKnownFileType = sourcecode.swift; path = MapKitNewEntryView.swift; sourceTree = "<group>"; };
		2B2778AE2B8F5C9B00779FB5 /* MeetMeAtTheCampfire.app */ = {isa = PBXFileReference; explicitFileType = wrapper.application; includeInIndex = 0; path = MeetMeAtTheCampfire.app; sourceTree = BUILT_PRODUCTS_DIR; };
		2B2778B12B8F5C9B00779FB5 /* MeetMeAtTheCampfireApp.swift */ = {isa = PBXFileReference; lastKnownFileType = sourcecode.swift; path = MeetMeAtTheCampfireApp.swift; sourceTree = "<group>"; };
		2B2778B52B8F5C9C00779FB5 /* Assets.xcassets */ = {isa = PBXFileReference; lastKnownFileType = folder.assetcatalog; path = Assets.xcassets; sourceTree = "<group>"; };
		2B2778BF2B8FA74B00779FB5 /* GoogleService-Info.plist */ = {isa = PBXFileReference; fileEncoding = 4; lastKnownFileType = text.plist.xml; path = "GoogleService-Info.plist"; sourceTree = "<group>"; };
		2B2778FC2B9079F200779FB5 /* FirebaseManager.swift */ = {isa = PBXFileReference; lastKnownFileType = sourcecode.swift; path = FirebaseManager.swift; sourceTree = "<group>"; };
		2B2778FF2B907E7B00779FB5 /* LoginView.swift */ = {isa = PBXFileReference; lastKnownFileType = sourcecode.swift; path = LoginView.swift; sourceTree = "<group>"; };
		2B2779012B907E8800779FB5 /* RegisterView.swift */ = {isa = PBXFileReference; lastKnownFileType = sourcecode.swift; path = RegisterView.swift; sourceTree = "<group>"; };
		2B2779042B907EBF00779FB5 /* AuthViewModel.swift */ = {isa = PBXFileReference; lastKnownFileType = sourcecode.swift; path = AuthViewModel.swift; sourceTree = "<group>"; };
		2B2779072B90810300779FB5 /* UserModel.swift */ = {isa = PBXFileReference; lastKnownFileType = sourcecode.swift; path = UserModel.swift; sourceTree = "<group>"; };
		2B2A3E462B90B176007E5E7F /* ButtonTextAction.swift */ = {isa = PBXFileReference; lastKnownFileType = sourcecode.swift; path = ButtonTextAction.swift; sourceTree = "<group>"; };
		2B2CEC5D2BD4558200348DD1 /* ProfileScreenViewModel.swift */ = {isa = PBXFileReference; lastKnownFileType = sourcecode.swift; path = ProfileScreenViewModel.swift; sourceTree = "<group>"; };
		2B36879B2B9E039400F2E944 /* CheckmarkIsRead.swift */ = {isa = PBXFileReference; lastKnownFileType = sourcecode.swift; path = CheckmarkIsRead.swift; sourceTree = "<group>"; };
		2B36879D2B9E03A700F2E944 /* CheckmarkNotRead.swift */ = {isa = PBXFileReference; lastKnownFileType = sourcecode.swift; path = CheckmarkNotRead.swift; sourceTree = "<group>"; };
		2B43E1742BAACED400375D58 /* LogBookModel.swift */ = {isa = PBXFileReference; lastKnownFileType = sourcecode.swift; path = LogBookModel.swift; sourceTree = "<group>"; };
		2B511B2F2BA9D9A5004AEAD6 /* MapKitView.swift */ = {isa = PBXFileReference; lastKnownFileType = sourcecode.swift; path = MapKitView.swift; sourceTree = "<group>"; };
		2B55614F2BAB0A480028C6E5 /* CalendarDetailItemView.swift */ = {isa = PBXFileReference; lastKnownFileType = sourcecode.swift; path = CalendarDetailItemView.swift; sourceTree = "<group>"; };
		2B5561512BAB0A5A0028C6E5 /* CalendarDetailItemViewModel.swift */ = {isa = PBXFileReference; lastKnownFileType = sourcecode.swift; path = CalendarDetailItemViewModel.swift; sourceTree = "<group>"; };
		2B5D193F2B91DD3D004DB072 /* AuthenticationRepository.swift */ = {isa = PBXFileReference; lastKnownFileType = sourcecode.swift; path = AuthenticationRepository.swift; sourceTree = "<group>"; };
		2B5DF1842B99B46E00FA285C /* ChatModel.swift */ = {isa = PBXFileReference; lastKnownFileType = sourcecode.swift; path = ChatModel.swift; sourceTree = "<group>"; };
		2B5DF1882B99B68900FA285C /* ChatItemView.swift */ = {isa = PBXFileReference; lastKnownFileType = sourcecode.swift; path = ChatItemView.swift; sourceTree = "<group>"; };
		2B5DF18A2B99B7B900FA285C /* ChatItemViewModel.swift */ = {isa = PBXFileReference; lastKnownFileType = sourcecode.swift; path = ChatItemViewModel.swift; sourceTree = "<group>"; };
		2B8E6D8D2BCF9D880042C15F /* VideoStartCategories.swift */ = {isa = PBXFileReference; lastKnownFileType = sourcecode.swift; path = VideoStartCategories.swift; sourceTree = "<group>"; };
		2B8E6D8F2BCF9F3D0042C15F /* VideoStartToDos.swift */ = {isa = PBXFileReference; lastKnownFileType = sourcecode.swift; path = VideoStartToDos.swift; sourceTree = "<group>"; };
		2BAB62492B95D60B00C7839E /* HomeScreenView.swift */ = {isa = PBXFileReference; lastKnownFileType = sourcecode.swift; path = HomeScreenView.swift; sourceTree = "<group>"; };
		2BAB624B2B95D61B00C7839E /* HomeScreenViewModel.swift */ = {isa = PBXFileReference; lastKnownFileType = sourcecode.swift; path = HomeScreenViewModel.swift; sourceTree = "<group>"; };
		2BAB624D2B95D64300C7839E /* CategorieAddView.swift */ = {isa = PBXFileReference; lastKnownFileType = sourcecode.swift; path = CategorieAddView.swift; sourceTree = "<group>"; };
		2BAB624F2B95D79800C7839E /* CategorieViewModel.swift */ = {isa = PBXFileReference; lastKnownFileType = sourcecode.swift; path = CategorieViewModel.swift; sourceTree = "<group>"; };
		2BAB62522B95DDC600C7839E /* CategorieFilledView.swift */ = {isa = PBXFileReference; lastKnownFileType = sourcecode.swift; path = CategorieFilledView.swift; sourceTree = "<group>"; };
		2BAB62542B95E04900C7839E /* CategorieModel.swift */ = {isa = PBXFileReference; lastKnownFileType = sourcecode.swift; path = CategorieModel.swift; sourceTree = "<group>"; };
		2BB2B0322BA83A3A0003CFE2 /* CalendarExtensions.swift */ = {isa = PBXFileReference; lastKnownFileType = sourcecode.swift; path = CalendarExtensions.swift; sourceTree = "<group>"; };
		2BB2B03A2BA84BA20003CFE2 /* CalendarYearlyView.swift */ = {isa = PBXFileReference; lastKnownFileType = sourcecode.swift; path = CalendarYearlyView.swift; sourceTree = "<group>"; };
		2BB2B03C2BA84F1F0003CFE2 /* CalendarYearExtensions.swift */ = {isa = PBXFileReference; lastKnownFileType = sourcecode.swift; path = CalendarYearExtensions.swift; sourceTree = "<group>"; };
		2BBC15092B9B5BF400305504 /* ToDoListe.swift */ = {isa = PBXFileReference; lastKnownFileType = sourcecode.swift; path = ToDoListe.swift; sourceTree = "<group>"; };
		2BBC150E2B9B66DD00305504 /* LanguageRepository.swift */ = {isa = PBXFileReference; lastKnownFileType = sourcecode.swift; path = LanguageRepository.swift; sourceTree = "<group>"; };
		2BBC15122B9B719A00305504 /* Language.swift */ = {isa = PBXFileReference; lastKnownFileType = sourcecode.swift; path = Language.swift; sourceTree = "<group>"; };
		2BBC15142B9B746000305504 /* LanguageError.swift */ = {isa = PBXFileReference; lastKnownFileType = sourcecode.swift; path = LanguageError.swift; sourceTree = "<group>"; };
		2BBC15162B9B754D00305504 /* LanguageApiKey.swift */ = {isa = PBXFileReference; lastKnownFileType = sourcecode.swift; path = LanguageApiKey.swift; sourceTree = "<group>"; };
		2BBC15182B9C614900305504 /* Translation.swift */ = {isa = PBXFileReference; lastKnownFileType = sourcecode.swift; path = Translation.swift; sourceTree = "<group>"; };
		2BBC151A2B9C6B2600305504 /* LanguageScreenViewModel.swift */ = {isa = PBXFileReference; lastKnownFileType = sourcecode.swift; path = LanguageScreenViewModel.swift; sourceTree = "<group>"; };
		2BBC151C2B9C6B3C00305504 /* LanguageScreenView.swift */ = {isa = PBXFileReference; lastKnownFileType = sourcecode.swift; path = LanguageScreenView.swift; sourceTree = "<group>"; };
		2BBE46632BA1E032002A11A2 /* DetailCategorieViewModel.swift */ = {isa = PBXFileReference; lastKnownFileType = sourcecode.swift; path = DetailCategorieViewModel.swift; sourceTree = "<group>"; };
		2BBE46652BA1E04F002A11A2 /* DetailCategorieItemAddView.swift */ = {isa = PBXFileReference; lastKnownFileType = sourcecode.swift; path = DetailCategorieItemAddView.swift; sourceTree = "<group>"; };
		2BBE46672BA1E1B7002A11A2 /* DetailCategorieItemFilledView.swift */ = {isa = PBXFileReference; lastKnownFileType = sourcecode.swift; path = DetailCategorieItemFilledView.swift; sourceTree = "<group>"; };
		2BBE466C2BA1E2BF002A11A2 /* DetailCategorieItemViewModel.swift */ = {isa = PBXFileReference; lastKnownFileType = sourcecode.swift; path = DetailCategorieItemViewModel.swift; sourceTree = "<group>"; };
		2BBE466E2BA1E360002A11A2 /* TaskModel.swift */ = {isa = PBXFileReference; lastKnownFileType = sourcecode.swift; path = TaskModel.swift; sourceTree = "<group>"; };
		2BCC09AB2B95C05B005BFC95 /* RightView.swift */ = {isa = PBXFileReference; lastKnownFileType = sourcecode.swift; path = RightView.swift; sourceTree = "<group>"; };
		2BCC09AD2B95C066005BFC95 /* FalseView.swift */ = {isa = PBXFileReference; lastKnownFileType = sourcecode.swift; path = FalseView.swift; sourceTree = "<group>"; };
		2BD8D4332B9F60C40050CB64 /* ChatScreenViewModel.swift */ = {isa = PBXFileReference; fileEncoding = 4; lastKnownFileType = sourcecode.swift; path = ChatScreenViewModel.swift; sourceTree = "<group>"; };
		2BF347D72BD1BEC1007F0AB3 /* ToDo.MP4 */ = {isa = PBXFileReference; lastKnownFileType = file; name = ToDo.MP4; path = ../../Downloads/ToDo.MP4; sourceTree = "<group>"; };
		2BF347D82BD1BEC1007F0AB3 /* Cat.MP4 */ = {isa = PBXFileReference; lastKnownFileType = file; name = Cat.MP4; path = ../../Downloads/Cat.MP4; sourceTree = "<group>"; };
		2BF347DC2BD1D7E2007F0AB3 /* RoundedView.swift */ = {isa = PBXFileReference; lastKnownFileType = sourcecode.swift; path = RoundedView.swift; sourceTree = "<group>"; };
		2BF4B9762B9874BC00C1AF1A /* MainScreenView.swift */ = {isa = PBXFileReference; lastKnownFileType = sourcecode.swift; path = MainScreenView.swift; sourceTree = "<group>"; };
		2BF4B9792B98764300C1AF1A /* ProfileScreenView.swift */ = {isa = PBXFileReference; lastKnownFileType = sourcecode.swift; path = ProfileScreenView.swift; sourceTree = "<group>"; };
		2BF4B97C2B9877D900C1AF1A /* ChatScreenView.swift */ = {isa = PBXFileReference; lastKnownFileType = sourcecode.swift; path = ChatScreenView.swift; sourceTree = "<group>"; };
		2BF4B97F2B98A24C00C1AF1A /* SettingsScreenView.swift */ = {isa = PBXFileReference; lastKnownFileType = sourcecode.swift; path = SettingsScreenView.swift; sourceTree = "<group>"; };
/* End PBXFileReference section */

/* Begin PBXFrameworksBuildPhase section */
		2B2778AB2B8F5C9B00779FB5 /* Frameworks */ = {
			isa = PBXFrameworksBuildPhase;
			buildActionMask = 2147483647;
			files = (
				2B2778D62B906C4E00779FB5 /* FirebaseDatabase in Frameworks */,
				2B2778E42B906C4E00779FB5 /* FirebaseFunctionsCombine-Community in Frameworks */,
				2B2778DC2B906C4E00779FB5 /* FirebaseFirestore in Frameworks */,
				2B2778C72B9069D700779FB5 /* FirebaseAnalyticsSwift in Frameworks */,
				2B2778C32B9069D700779FB5 /* FirebaseAnalytics in Frameworks */,
				2B2778C52B9069D700779FB5 /* FirebaseAnalyticsOnDeviceConversion in Frameworks */,
				2B2778E02B906C4E00779FB5 /* FirebaseFirestoreSwift in Frameworks */,
				2B2778EE2B906C4E00779FB5 /* FirebaseMLModelDownloader in Frameworks */,
				2B2778CB2B9069D700779FB5 /* FirebaseAppCheck in Frameworks */,
				2B2778C92B9069D700779FB5 /* FirebaseAnalyticsWithoutAdIdSupport in Frameworks */,
				2B2778EC2B906C4E00779FB5 /* FirebaseMessaging in Frameworks */,
				2B2778D02B906C4E00779FB5 /* FirebaseAuth in Frameworks */,
				2B2778F42B906C4E00779FB5 /* FirebaseRemoteConfigSwift in Frameworks */,
				2B2778D42B906C4E00779FB5 /* FirebaseCrashlytics in Frameworks */,
				2B2778E62B906C4E00779FB5 /* FirebaseInAppMessaging-Beta in Frameworks */,
				2B2778D82B906C4E00779FB5 /* FirebaseDatabaseSwift in Frameworks */,
				2B2778F82B906C4E00779FB5 /* FirebaseStorageCombine-Community in Frameworks */,
				2B2778F22B906C4E00779FB5 /* FirebaseRemoteConfig in Frameworks */,
				2B2778E22B906C4E00779FB5 /* FirebaseFunctions in Frameworks */,
				2B2778CE2B906C4E00779FB5 /* FirebaseAppDistribution-Beta in Frameworks */,
				2B2778F02B906C4E00779FB5 /* FirebasePerformance in Frameworks */,
				2B2778D22B906C4E00779FB5 /* FirebaseAuthCombine-Community in Frameworks */,
				2B2778F62B906C4E00779FB5 /* FirebaseStorage in Frameworks */,
				2B2778E82B906C4E00779FB5 /* FirebaseInAppMessagingSwift-Beta in Frameworks */,
				2B2778DA2B906C4E00779FB5 /* FirebaseDynamicLinks in Frameworks */,
				2B2778DE2B906C4E00779FB5 /* FirebaseFirestoreCombine-Community in Frameworks */,
				2B2778EA2B906C4E00779FB5 /* FirebaseInstallations in Frameworks */,
			);
			runOnlyForDeploymentPostprocessing = 0;
		};
/* End PBXFrameworksBuildPhase section */

/* Begin PBXGroup section */
		2B0158652B9789D30026CA84 /* CategorieTask */ = {
			isa = PBXGroup;
			children = (
				2B0158662B9789F20026CA84 /* DetailCategorieView.swift */,
				2BBE46632BA1E032002A11A2 /* DetailCategorieViewModel.swift */,
			);
			path = CategorieTask;
			sourceTree = "<group>";
		};
		2B0BBE4E2BB48ECD006D93EB /* ImagePicker */ = {
			isa = PBXGroup;
			children = (
				2B0BBE4F2BB48EFC006D93EB /* ImagePickerCoordinator.swift */,
			);
			path = ImagePicker;
			sourceTree = "<group>";
		};
		2B2778A52B8F5C9B00779FB5 = {
			isa = PBXGroup;
			children = (
				2B2778B02B8F5C9B00779FB5 /* MeetMeAtTheCampfire */,
				2B2778AF2B8F5C9B00779FB5 /* Products */,
			);
			sourceTree = "<group>";
		};
		2B2778AF2B8F5C9B00779FB5 /* Products */ = {
			isa = PBXGroup;
			children = (
				2B2778AE2B8F5C9B00779FB5 /* MeetMeAtTheCampfire.app */,
			);
			name = Products;
			sourceTree = "<group>";
		};
		2B2778B02B8F5C9B00779FB5 /* MeetMeAtTheCampfire */ = {
			isa = PBXGroup;
			children = (
				2B2778B12B8F5C9B00779FB5 /* MeetMeAtTheCampfireApp.swift */,
				2BF347D82BD1BEC1007F0AB3 /* Cat.MP4 */,
				2BF347D72BD1BEC1007F0AB3 /* ToDo.MP4 */,
				2B2778BF2B8FA74B00779FB5 /* GoogleService-Info.plist */,
				2B2778B52B8F5C9C00779FB5 /* Assets.xcassets */,
				2BD8D4362BA0A6480050CB64 /* Authentication */,
				2BB2B02F2BA8395B0003CFE2 /* CalendarLogBook */,
				2BAB62512B95D8CC00C7839E /* CategorieScreen */,
				2BF4B97B2B9877C200C1AF1A /* ChatScreen */,
				2BD8D4352BA0A5FC0050CB64 /* Components */,
				2B0158652B9789D30026CA84 /* CategorieTask */,
				2BBE466B2BA1E231002A11A2 /* CategorieTaskItem */,
				2BAB62482B95D5F100C7839E /* HomeScreen */,
				2BF4B9752B98748E00C1AF1A /* MainScreen */,
				2BF4B9782B98762A00C1AF1A /* ProfileScreen */,
				2BF347DB2BD1D7C3007F0AB3 /* RoundedView */,
				2BF4B97E2B98A23000C1AF1A /* SettingsScreen */,
				2BBC15082B9B5BC100305504 /* ToDoListe */,
				2BBC150B2B9B669800305504 /* TranslatorScreen */,
				2B8E6D8C2BCF9D550042C15F /* VideoStart */,
			);
			path = MeetMeAtTheCampfire;
			sourceTree = "<group>";
		};
		2B2778FA2B9079CA00779FB5 /* Firebase */ = {
			isa = PBXGroup;
			children = (
				2B2778FC2B9079F200779FB5 /* FirebaseManager.swift */,
			);
			path = Firebase;
			sourceTree = "<group>";
		};
		2B2778FE2B907B7C00779FB5 /* AuthenticationView */ = {
			isa = PBXGroup;
			children = (
				2B2778FF2B907E7B00779FB5 /* LoginView.swift */,
				2B2779012B907E8800779FB5 /* RegisterView.swift */,
			);
			path = AuthenticationView;
			sourceTree = "<group>";
		};
		2B2779032B907E9600779FB5 /* AuthenticatonViewModel */ = {
			isa = PBXGroup;
			children = (
				2B2779042B907EBF00779FB5 /* AuthViewModel.swift */,
			);
			path = AuthenticatonViewModel;
			sourceTree = "<group>";
		};
		2B2779062B9080F000779FB5 /* Models */ = {
			isa = PBXGroup;
			children = (
				2B2779072B90810300779FB5 /* UserModel.swift */,
				2BAB62542B95E04900C7839E /* CategorieModel.swift */,
				2B5DF1842B99B46E00FA285C /* ChatModel.swift */,
				2BBC15122B9B719A00305504 /* Language.swift */,
				2BBC15182B9C614900305504 /* Translation.swift */,
				2BBE466E2BA1E360002A11A2 /* TaskModel.swift */,
				2B43E1742BAACED400375D58 /* LogBookModel.swift */,
			);
			path = Models;
			sourceTree = "<group>";
		};
		2B2A3E452B90B147007E5E7F /* Buttons */ = {
			isa = PBXGroup;
			children = (
				2B2A3E462B90B176007E5E7F /* ButtonTextAction.swift */,
			);
			path = Buttons;
			sourceTree = "<group>";
		};
		2B36879A2B9E036C00F2E944 /* Checkmarks */ = {
			isa = PBXGroup;
			children = (
				2B36879B2B9E039400F2E944 /* CheckmarkIsRead.swift */,
				2B36879D2B9E03A700F2E944 /* CheckmarkNotRead.swift */,
			);
			path = Checkmarks;
			sourceTree = "<group>";
		};
		2B55614D2BAB09D60028C6E5 /* Calendar */ = {
			isa = PBXGroup;
			children = (
				2BB2B03A2BA84BA20003CFE2 /* CalendarYearlyView.swift */,
				2BB2B0402BA864F40003CFE2 /* CalendarComponents */,
			);
			path = Calendar;
			sourceTree = "<group>";
		};
		2B55614E2BAB09E80028C6E5 /* CalendarDetail */ = {
			isa = PBXGroup;
			children = (
				2B55614F2BAB0A480028C6E5 /* CalendarDetailItemView.swift */,
				2B5561512BAB0A5A0028C6E5 /* CalendarDetailItemViewModel.swift */,
				2B1738A02BAD80FC0043CAF0 /* CalendarDetailNewEntryView.swift */,
			);
			path = CalendarDetail;
			sourceTree = "<group>";
		};
		2B5D193E2B91DD0C004DB072 /* AuthenticationRepository */ = {
			isa = PBXGroup;
			children = (
				2B5D193F2B91DD3D004DB072 /* AuthenticationRepository.swift */,
			);
			path = AuthenticationRepository;
			sourceTree = "<group>";
		};
		2B637BAB2BAC463F001B4C63 /* MapKit */ = {
			isa = PBXGroup;
			children = (
				2B511B2F2BA9D9A5004AEAD6 /* MapKitView.swift */,
				2B1738A22BAD82050043CAF0 /* MapKitNewEntryView.swift */,
			);
			path = MapKit;
			sourceTree = "<group>";
		};
		2B8E6D8C2BCF9D550042C15F /* VideoStart */ = {
			isa = PBXGroup;
			children = (
				2B8E6D8D2BCF9D880042C15F /* VideoStartCategories.swift */,
				2B8E6D8F2BCF9F3D0042C15F /* VideoStartToDos.swift */,
			);
			path = VideoStart;
			sourceTree = "<group>";
		};
		2BAB62482B95D5F100C7839E /* HomeScreen */ = {
			isa = PBXGroup;
			children = (
				2BAB62492B95D60B00C7839E /* HomeScreenView.swift */,
				2BAB624B2B95D61B00C7839E /* HomeScreenViewModel.swift */,
			);
			path = HomeScreen;
			sourceTree = "<group>";
		};
		2BAB62512B95D8CC00C7839E /* CategorieScreen */ = {
			isa = PBXGroup;
			children = (
				2BAB624D2B95D64300C7839E /* CategorieAddView.swift */,
				2BAB624F2B95D79800C7839E /* CategorieViewModel.swift */,
				2BAB62522B95DDC600C7839E /* CategorieFilledView.swift */,
			);
			path = CategorieScreen;
			sourceTree = "<group>";
		};
		2BB2B02F2BA8395B0003CFE2 /* CalendarLogBook */ = {
			isa = PBXGroup;
			children = (
				2B0BBE4E2BB48ECD006D93EB /* ImagePicker */,
				2B637BAB2BAC463F001B4C63 /* MapKit */,
				2B55614E2BAB09E80028C6E5 /* CalendarDetail */,
				2B55614D2BAB09D60028C6E5 /* Calendar */,
			);
			path = CalendarLogBook;
			sourceTree = "<group>";
		};
		2BB2B0402BA864F40003CFE2 /* CalendarComponents */ = {
			isa = PBXGroup;
			children = (
				2BB2B0322BA83A3A0003CFE2 /* CalendarExtensions.swift */,
				2BB2B03C2BA84F1F0003CFE2 /* CalendarYearExtensions.swift */,
			);
			path = CalendarComponents;
			sourceTree = "<group>";
		};
		2BBC15082B9B5BC100305504 /* ToDoListe */ = {
			isa = PBXGroup;
			children = (
				2BBC15092B9B5BF400305504 /* ToDoListe.swift */,
			);
			path = ToDoListe;
			sourceTree = "<group>";
		};
		2BBC150B2B9B669800305504 /* TranslatorScreen */ = {
			isa = PBXGroup;
			children = (
				2BBC15142B9B746000305504 /* LanguageError.swift */,
				2BBC15162B9B754D00305504 /* LanguageApiKey.swift */,
				2BBC150E2B9B66DD00305504 /* LanguageRepository.swift */,
				2BBC151A2B9C6B2600305504 /* LanguageScreenViewModel.swift */,
				2BBC151C2B9C6B3C00305504 /* LanguageScreenView.swift */,
			);
			name = TranslatorScreen;
			path = "ÜbersetzerScreen";
			sourceTree = "<group>";
		};
		2BBE466B2BA1E231002A11A2 /* CategorieTaskItem */ = {
			isa = PBXGroup;
			children = (
				2BBE46672BA1E1B7002A11A2 /* DetailCategorieItemFilledView.swift */,
				2BBE46652BA1E04F002A11A2 /* DetailCategorieItemAddView.swift */,
				2BBE466C2BA1E2BF002A11A2 /* DetailCategorieItemViewModel.swift */,
			);
			path = CategorieTaskItem;
			sourceTree = "<group>";
		};
		2BCC09AA2B95C011005BFC95 /* FalseRight */ = {
			isa = PBXGroup;
			children = (
				2BCC09AB2B95C05B005BFC95 /* RightView.swift */,
				2BCC09AD2B95C066005BFC95 /* FalseView.swift */,
			);
			path = FalseRight;
			sourceTree = "<group>";
		};
		2BD8D4352BA0A5FC0050CB64 /* Components */ = {
			isa = PBXGroup;
			children = (
				2B2778FA2B9079CA00779FB5 /* Firebase */,
				2B2779062B9080F000779FB5 /* Models */,
				2B2A3E452B90B147007E5E7F /* Buttons */,
				2B36879A2B9E036C00F2E944 /* Checkmarks */,
				2BCC09AA2B95C011005BFC95 /* FalseRight */,
			);
			path = Components;
			sourceTree = "<group>";
		};
		2BD8D4362BA0A6480050CB64 /* Authentication */ = {
			isa = PBXGroup;
			children = (
				2B2778FE2B907B7C00779FB5 /* AuthenticationView */,
				2B2779032B907E9600779FB5 /* AuthenticatonViewModel */,
				2B5D193E2B91DD0C004DB072 /* AuthenticationRepository */,
			);
			path = Authentication;
			sourceTree = "<group>";
		};
		2BF347DB2BD1D7C3007F0AB3 /* RoundedView */ = {
			isa = PBXGroup;
			children = (
				2BF347DC2BD1D7E2007F0AB3 /* RoundedView.swift */,
			);
			path = RoundedView;
			sourceTree = "<group>";
		};
		2BF4B9752B98748E00C1AF1A /* MainScreen */ = {
			isa = PBXGroup;
			children = (
				2BF4B9762B9874BC00C1AF1A /* MainScreenView.swift */,
			);
			path = MainScreen;
			sourceTree = "<group>";
		};
		2BF4B9782B98762A00C1AF1A /* ProfileScreen */ = {
			isa = PBXGroup;
			children = (
				2BF4B9792B98764300C1AF1A /* ProfileScreenView.swift */,
				2B2CEC5D2BD4558200348DD1 /* ProfileScreenViewModel.swift */,
			);
			path = ProfileScreen;
			sourceTree = "<group>";
		};
		2BF4B97B2B9877C200C1AF1A /* ChatScreen */ = {
			isa = PBXGroup;
			children = (
				2BF4B97C2B9877D900C1AF1A /* ChatScreenView.swift */,
				2BD8D4332B9F60C40050CB64 /* ChatScreenViewModel.swift */,
				2B5DF1882B99B68900FA285C /* ChatItemView.swift */,
				2B5DF18A2B99B7B900FA285C /* ChatItemViewModel.swift */,
			);
			path = ChatScreen;
			sourceTree = "<group>";
		};
		2BF4B97E2B98A23000C1AF1A /* SettingsScreen */ = {
			isa = PBXGroup;
			children = (
				2BF4B97F2B98A24C00C1AF1A /* SettingsScreenView.swift */,
			);
			path = SettingsScreen;
			sourceTree = "<group>";
		};
/* End PBXGroup section */

/* Begin PBXNativeTarget section */
		2B2778AD2B8F5C9B00779FB5 /* MeetMeAtTheCampfire */ = {
			isa = PBXNativeTarget;
			buildConfigurationList = 2B2778BC2B8F5C9C00779FB5 /* Build configuration list for PBXNativeTarget "MeetMeAtTheCampfire" */;
			buildPhases = (
				2B2778AA2B8F5C9B00779FB5 /* Sources */,
				2B2778AB2B8F5C9B00779FB5 /* Frameworks */,
				2B2778AC2B8F5C9B00779FB5 /* Resources */,
				2B2A3E442B90AD46007E5E7F /* ShellScript */,
			);
			buildRules = (
			);
			dependencies = (
			);
			name = MeetMeAtTheCampfire;
			packageProductDependencies = (
				2B2778C22B9069D700779FB5 /* FirebaseAnalytics */,
				2B2778C42B9069D700779FB5 /* FirebaseAnalyticsOnDeviceConversion */,
				2B2778C62B9069D700779FB5 /* FirebaseAnalyticsSwift */,
				2B2778C82B9069D700779FB5 /* FirebaseAnalyticsWithoutAdIdSupport */,
				2B2778CA2B9069D700779FB5 /* FirebaseAppCheck */,
				2B2778CD2B906C4E00779FB5 /* FirebaseAppDistribution-Beta */,
				2B2778CF2B906C4E00779FB5 /* FirebaseAuth */,
				2B2778D12B906C4E00779FB5 /* FirebaseAuthCombine-Community */,
				2B2778D32B906C4E00779FB5 /* FirebaseCrashlytics */,
				2B2778D52B906C4E00779FB5 /* FirebaseDatabase */,
				2B2778D72B906C4E00779FB5 /* FirebaseDatabaseSwift */,
				2B2778D92B906C4E00779FB5 /* FirebaseDynamicLinks */,
				2B2778DB2B906C4E00779FB5 /* FirebaseFirestore */,
				2B2778DD2B906C4E00779FB5 /* FirebaseFirestoreCombine-Community */,
				2B2778DF2B906C4E00779FB5 /* FirebaseFirestoreSwift */,
				2B2778E12B906C4E00779FB5 /* FirebaseFunctions */,
				2B2778E32B906C4E00779FB5 /* FirebaseFunctionsCombine-Community */,
				2B2778E52B906C4E00779FB5 /* FirebaseInAppMessaging-Beta */,
				2B2778E72B906C4E00779FB5 /* FirebaseInAppMessagingSwift-Beta */,
				2B2778E92B906C4E00779FB5 /* FirebaseInstallations */,
				2B2778EB2B906C4E00779FB5 /* FirebaseMessaging */,
				2B2778ED2B906C4E00779FB5 /* FirebaseMLModelDownloader */,
				2B2778EF2B906C4E00779FB5 /* FirebasePerformance */,
				2B2778F12B906C4E00779FB5 /* FirebaseRemoteConfig */,
				2B2778F32B906C4E00779FB5 /* FirebaseRemoteConfigSwift */,
				2B2778F52B906C4E00779FB5 /* FirebaseStorage */,
				2B2778F72B906C4E00779FB5 /* FirebaseStorageCombine-Community */,
			);
			productName = MeetMeAtTheCampfire;
			productReference = 2B2778AE2B8F5C9B00779FB5 /* MeetMeAtTheCampfire.app */;
			productType = "com.apple.product-type.application";
		};
/* End PBXNativeTarget section */

/* Begin PBXProject section */
		2B2778A62B8F5C9B00779FB5 /* Project object */ = {
			isa = PBXProject;
			attributes = {
				BuildIndependentTargetsInParallel = 1;
				LastSwiftUpdateCheck = 1520;
				LastUpgradeCheck = 1520;
				TargetAttributes = {
					2B2778AD2B8F5C9B00779FB5 = {
						CreatedOnToolsVersion = 15.2;
					};
				};
			};
			buildConfigurationList = 2B2778A92B8F5C9B00779FB5 /* Build configuration list for PBXProject "MeetMeAtTheCampfire" */;
			compatibilityVersion = "Xcode 14.0";
			developmentRegion = en;
			hasScannedForEncodings = 0;
			knownRegions = (
				en,
				Base,
			);
			mainGroup = 2B2778A52B8F5C9B00779FB5;
			packageReferences = (
				2B2778C12B9069D700779FB5 /* XCRemoteSwiftPackageReference "firebase-ios-sdk" */,
			);
			productRefGroup = 2B2778AF2B8F5C9B00779FB5 /* Products */;
			projectDirPath = "";
			projectRoot = "";
			targets = (
				2B2778AD2B8F5C9B00779FB5 /* MeetMeAtTheCampfire */,
			);
		};
/* End PBXProject section */

/* Begin PBXResourcesBuildPhase section */
		2B2778AC2B8F5C9B00779FB5 /* Resources */ = {
			isa = PBXResourcesBuildPhase;
			buildActionMask = 2147483647;
			files = (
				2BF347D92BD1BEC1007F0AB3 /* ToDo.MP4 in Resources */,
				2B2778B62B8F5C9C00779FB5 /* Assets.xcassets in Resources */,
				2BF347DA2BD1BEC1007F0AB3 /* Cat.MP4 in Resources */,
				2B2778C02B8FA74B00779FB5 /* GoogleService-Info.plist in Resources */,
			);
			runOnlyForDeploymentPostprocessing = 0;
		};
/* End PBXResourcesBuildPhase section */

/* Begin PBXShellScriptBuildPhase section */
		2B2A3E442B90AD46007E5E7F /* ShellScript */ = {
			isa = PBXShellScriptBuildPhase;
			alwaysOutOfDate = 1;
			buildActionMask = 2147483647;
			files = (
			);
			inputFileListPaths = (
			);
			inputPaths = (
				"${DWARF_DSYM_FOLDER_PATH}/${DWARF_DSYM_FILE_NAME}",
				"${DWARF_DSYM_FOLDER_PATH}/${DWARF_DSYM_FILE_NAME}/Contents/Resources/DWARF/${PRODUCT_NAME}",
				"${DWARF_DSYM_FOLDER_PATH}/${DWARF_DSYM_FILE_NAME}/Contents/Info.plist",
				"$(TARGET_BUILD_DIR)/$(UNLOCALIZED_RESOURCES_FOLDER_PATH)/GoogleService-Info.plist",
				"$(TARGET_BUILD_DIR)/$(EXECUTABLE_PATH)",
			);
			outputFileListPaths = (
			);
			outputPaths = (
			);
			runOnlyForDeploymentPostprocessing = 0;
			shellPath = /bin/sh;
			shellScript = "\"${BUILD_DIR%/Build/*}/SourcePackages/checkouts/firebase-ios-sdk/Crashlytics/run\"\n";
		};
/* End PBXShellScriptBuildPhase section */

/* Begin PBXSourcesBuildPhase section */
		2B2778AA2B8F5C9B00779FB5 /* Sources */ = {
			isa = PBXSourcesBuildPhase;
			buildActionMask = 2147483647;
			files = (
				2BBC151D2B9C6B3C00305504 /* LanguageScreenView.swift in Sources */,
				2BBC151B2B9C6B2600305504 /* LanguageScreenViewModel.swift in Sources */,
				2BF4B97A2B98764300C1AF1A /* ProfileScreenView.swift in Sources */,
				2BBC150A2B9B5BF400305504 /* ToDoListe.swift in Sources */,
				2B2A3E472B90B176007E5E7F /* ButtonTextAction.swift in Sources */,
				2B2778FD2B9079F200779FB5 /* FirebaseManager.swift in Sources */,
				2B36879E2B9E03A700F2E944 /* CheckmarkNotRead.swift in Sources */,
				2B5DF1892B99B68900FA285C /* ChatItemView.swift in Sources */,
				2BB2B03B2BA84BA20003CFE2 /* CalendarYearlyView.swift in Sources */,
				2B36879C2B9E039400F2E944 /* CheckmarkIsRead.swift in Sources */,
				2BBC150F2B9B66DD00305504 /* LanguageRepository.swift in Sources */,
				2B8E6D902BCF9F3D0042C15F /* VideoStartToDos.swift in Sources */,
				2B0BBE502BB48EFC006D93EB /* ImagePickerCoordinator.swift in Sources */,
				2BAB62532B95DDC600C7839E /* CategorieFilledView.swift in Sources */,
				2BB2B03D2BA84F1F0003CFE2 /* CalendarYearExtensions.swift in Sources */,
				2B0158672B9789F20026CA84 /* DetailCategorieView.swift in Sources */,
				2B1738A12BAD80FC0043CAF0 /* CalendarDetailNewEntryView.swift in Sources */,
				2B2779082B90810300779FB5 /* UserModel.swift in Sources */,
				2BB2B0332BA83A3A0003CFE2 /* CalendarExtensions.swift in Sources */,
				2B5561502BAB0A480028C6E5 /* CalendarDetailItemView.swift in Sources */,
				2B2CEC5E2BD4558200348DD1 /* ProfileScreenViewModel.swift in Sources */,
				2BF4B97D2B9877D900C1AF1A /* ChatScreenView.swift in Sources */,
				2B1738A32BAD82050043CAF0 /* MapKitNewEntryView.swift in Sources */,
				2BBC15152B9B746000305504 /* LanguageError.swift in Sources */,
				2BF347DD2BD1D7E2007F0AB3 /* RoundedView.swift in Sources */,
				2BAB62502B95D79800C7839E /* CategorieViewModel.swift in Sources */,
				2BAB624A2B95D60B00C7839E /* HomeScreenView.swift in Sources */,
				2BBC15192B9C614900305504 /* Translation.swift in Sources */,
				2BBE46662BA1E04F002A11A2 /* DetailCategorieItemAddView.swift in Sources */,
				2B5D19402B91DD3D004DB072 /* AuthenticationRepository.swift in Sources */,
				2B511B302BA9D9A5004AEAD6 /* MapKitView.swift in Sources */,
				2BBE46642BA1E032002A11A2 /* DetailCategorieViewModel.swift in Sources */,
				2BBE46682BA1E1B7002A11A2 /* DetailCategorieItemFilledView.swift in Sources */,
				2BBE466F2BA1E360002A11A2 /* TaskModel.swift in Sources */,
				2B2779022B907E8800779FB5 /* RegisterView.swift in Sources */,
				2B8E6D8E2BCF9D880042C15F /* VideoStartCategories.swift in Sources */,
				2BAB624E2B95D64300C7839E /* CategorieAddView.swift in Sources */,
				2BF4B9802B98A24C00C1AF1A /* SettingsScreenView.swift in Sources */,
				2B5DF1852B99B46E00FA285C /* ChatModel.swift in Sources */,
				2B43E1752BAACED400375D58 /* LogBookModel.swift in Sources */,
				2BD8D4342B9F60C40050CB64 /* ChatScreenViewModel.swift in Sources */,
				2B2779052B907EBF00779FB5 /* AuthViewModel.swift in Sources */,
				2BBE466D2BA1E2BF002A11A2 /* DetailCategorieItemViewModel.swift in Sources */,
				2BBC15132B9B719A00305504 /* Language.swift in Sources */,
				2BCC09AC2B95C05B005BFC95 /* RightView.swift in Sources */,
				2BAB62552B95E04900C7839E /* CategorieModel.swift in Sources */,
				2BF4B9772B9874BC00C1AF1A /* MainScreenView.swift in Sources */,
				2BAB624C2B95D61B00C7839E /* HomeScreenViewModel.swift in Sources */,
				2B5DF18B2B99B7B900FA285C /* ChatItemViewModel.swift in Sources */,
				2B2779002B907E7B00779FB5 /* LoginView.swift in Sources */,
				2B2778B22B8F5C9B00779FB5 /* MeetMeAtTheCampfireApp.swift in Sources */,
				2BBC15172B9B754D00305504 /* LanguageApiKey.swift in Sources */,
				2B5561522BAB0A5A0028C6E5 /* CalendarDetailItemViewModel.swift in Sources */,
				2BCC09AE2B95C066005BFC95 /* FalseView.swift in Sources */,
			);
			runOnlyForDeploymentPostprocessing = 0;
		};
/* End PBXSourcesBuildPhase section */

/* Begin XCBuildConfiguration section */
		2B2778BA2B8F5C9C00779FB5 /* Debug */ = {
			isa = XCBuildConfiguration;
			buildSettings = {
				ALWAYS_SEARCH_USER_PATHS = NO;
				ASSETCATALOG_COMPILER_GENERATE_SWIFT_ASSET_SYMBOL_EXTENSIONS = YES;
				CLANG_ANALYZER_NONNULL = YES;
				CLANG_ANALYZER_NUMBER_OBJECT_CONVERSION = YES_AGGRESSIVE;
				CLANG_CXX_LANGUAGE_STANDARD = "gnu++20";
				CLANG_ENABLE_MODULES = YES;
				CLANG_ENABLE_OBJC_ARC = YES;
				CLANG_ENABLE_OBJC_WEAK = YES;
				CLANG_WARN_BLOCK_CAPTURE_AUTORELEASING = YES;
				CLANG_WARN_BOOL_CONVERSION = YES;
				CLANG_WARN_COMMA = YES;
				CLANG_WARN_CONSTANT_CONVERSION = YES;
				CLANG_WARN_DEPRECATED_OBJC_IMPLEMENTATIONS = YES;
				CLANG_WARN_DIRECT_OBJC_ISA_USAGE = YES_ERROR;
				CLANG_WARN_DOCUMENTATION_COMMENTS = YES;
				CLANG_WARN_EMPTY_BODY = YES;
				CLANG_WARN_ENUM_CONVERSION = YES;
				CLANG_WARN_INFINITE_RECURSION = YES;
				CLANG_WARN_INT_CONVERSION = YES;
				CLANG_WARN_NON_LITERAL_NULL_CONVERSION = YES;
				CLANG_WARN_OBJC_IMPLICIT_RETAIN_SELF = YES;
				CLANG_WARN_OBJC_LITERAL_CONVERSION = YES;
				CLANG_WARN_OBJC_ROOT_CLASS = YES_ERROR;
				CLANG_WARN_QUOTED_INCLUDE_IN_FRAMEWORK_HEADER = YES;
				CLANG_WARN_RANGE_LOOP_ANALYSIS = YES;
				CLANG_WARN_STRICT_PROTOTYPES = YES;
				CLANG_WARN_SUSPICIOUS_MOVE = YES;
				CLANG_WARN_UNGUARDED_AVAILABILITY = YES_AGGRESSIVE;
				CLANG_WARN_UNREACHABLE_CODE = YES;
				CLANG_WARN__DUPLICATE_METHOD_MATCH = YES;
				COPY_PHASE_STRIP = NO;
				DEBUG_INFORMATION_FORMAT = dwarf;
				ENABLE_STRICT_OBJC_MSGSEND = YES;
				ENABLE_TESTABILITY = YES;
				ENABLE_USER_SCRIPT_SANDBOXING = YES;
				GCC_C_LANGUAGE_STANDARD = gnu17;
				GCC_DYNAMIC_NO_PIC = NO;
				GCC_NO_COMMON_BLOCKS = YES;
				GCC_OPTIMIZATION_LEVEL = 0;
				GCC_PREPROCESSOR_DEFINITIONS = (
					"DEBUG=1",
					"$(inherited)",
				);
				GCC_WARN_64_TO_32_BIT_CONVERSION = YES;
				GCC_WARN_ABOUT_RETURN_TYPE = YES_ERROR;
				GCC_WARN_UNDECLARED_SELECTOR = YES;
				GCC_WARN_UNINITIALIZED_AUTOS = YES_AGGRESSIVE;
				GCC_WARN_UNUSED_FUNCTION = YES;
				GCC_WARN_UNUSED_VARIABLE = YES;
				IPHONEOS_DEPLOYMENT_TARGET = 17.2;
				LOCALIZATION_PREFERS_STRING_CATALOGS = YES;
				MTL_ENABLE_DEBUG_INFO = INCLUDE_SOURCE;
				MTL_FAST_MATH = YES;
				ONLY_ACTIVE_ARCH = YES;
				SDKROOT = iphoneos;
				SWIFT_ACTIVE_COMPILATION_CONDITIONS = "DEBUG $(inherited)";
				SWIFT_OPTIMIZATION_LEVEL = "-Onone";
			};
			name = Debug;
		};
		2B2778BB2B8F5C9C00779FB5 /* Release */ = {
			isa = XCBuildConfiguration;
			buildSettings = {
				ALWAYS_SEARCH_USER_PATHS = NO;
				ASSETCATALOG_COMPILER_GENERATE_SWIFT_ASSET_SYMBOL_EXTENSIONS = YES;
				CLANG_ANALYZER_NONNULL = YES;
				CLANG_ANALYZER_NUMBER_OBJECT_CONVERSION = YES_AGGRESSIVE;
				CLANG_CXX_LANGUAGE_STANDARD = "gnu++20";
				CLANG_ENABLE_MODULES = YES;
				CLANG_ENABLE_OBJC_ARC = YES;
				CLANG_ENABLE_OBJC_WEAK = YES;
				CLANG_WARN_BLOCK_CAPTURE_AUTORELEASING = YES;
				CLANG_WARN_BOOL_CONVERSION = YES;
				CLANG_WARN_COMMA = YES;
				CLANG_WARN_CONSTANT_CONVERSION = YES;
				CLANG_WARN_DEPRECATED_OBJC_IMPLEMENTATIONS = YES;
				CLANG_WARN_DIRECT_OBJC_ISA_USAGE = YES_ERROR;
				CLANG_WARN_DOCUMENTATION_COMMENTS = YES;
				CLANG_WARN_EMPTY_BODY = YES;
				CLANG_WARN_ENUM_CONVERSION = YES;
				CLANG_WARN_INFINITE_RECURSION = YES;
				CLANG_WARN_INT_CONVERSION = YES;
				CLANG_WARN_NON_LITERAL_NULL_CONVERSION = YES;
				CLANG_WARN_OBJC_IMPLICIT_RETAIN_SELF = YES;
				CLANG_WARN_OBJC_LITERAL_CONVERSION = YES;
				CLANG_WARN_OBJC_ROOT_CLASS = YES_ERROR;
				CLANG_WARN_QUOTED_INCLUDE_IN_FRAMEWORK_HEADER = YES;
				CLANG_WARN_RANGE_LOOP_ANALYSIS = YES;
				CLANG_WARN_STRICT_PROTOTYPES = YES;
				CLANG_WARN_SUSPICIOUS_MOVE = YES;
				CLANG_WARN_UNGUARDED_AVAILABILITY = YES_AGGRESSIVE;
				CLANG_WARN_UNREACHABLE_CODE = YES;
				CLANG_WARN__DUPLICATE_METHOD_MATCH = YES;
				COPY_PHASE_STRIP = NO;
				DEBUG_INFORMATION_FORMAT = "dwarf-with-dsym";
				ENABLE_NS_ASSERTIONS = NO;
				ENABLE_STRICT_OBJC_MSGSEND = YES;
				ENABLE_USER_SCRIPT_SANDBOXING = YES;
				GCC_C_LANGUAGE_STANDARD = gnu17;
				GCC_NO_COMMON_BLOCKS = YES;
				GCC_WARN_64_TO_32_BIT_CONVERSION = YES;
				GCC_WARN_ABOUT_RETURN_TYPE = YES_ERROR;
				GCC_WARN_UNDECLARED_SELECTOR = YES;
				GCC_WARN_UNINITIALIZED_AUTOS = YES_AGGRESSIVE;
				GCC_WARN_UNUSED_FUNCTION = YES;
				GCC_WARN_UNUSED_VARIABLE = YES;
				IPHONEOS_DEPLOYMENT_TARGET = 17.2;
				LOCALIZATION_PREFERS_STRING_CATALOGS = YES;
				MTL_ENABLE_DEBUG_INFO = NO;
				MTL_FAST_MATH = YES;
				SDKROOT = iphoneos;
				SWIFT_COMPILATION_MODE = wholemodule;
				VALIDATE_PRODUCT = YES;
			};
			name = Release;
		};
		2B2778BD2B8F5C9C00779FB5 /* Debug */ = {
			isa = XCBuildConfiguration;
			buildSettings = {
				ASSETCATALOG_COMPILER_APPICON_NAME = AppIcon;
				ASSETCATALOG_COMPILER_GLOBAL_ACCENT_COLOR_NAME = AccentColor;
				CODE_SIGN_STYLE = Automatic;
				CURRENT_PROJECT_VERSION = 1;
				DEBUG_INFORMATION_FORMAT = "dwarf-with-dsym";
				DEVELOPMENT_ASSET_PATHS = "\"MeetMeAtTheCampfire/Preview Content\"";
				ENABLE_PREVIEWS = YES;
				GENERATE_INFOPLIST_FILE = YES;
				INFOPLIST_KEY_NSLocationWhenInUseUsageDescription = "Get your location for show your local place";
				INFOPLIST_KEY_UIApplicationSceneManifest_Generation = YES;
				INFOPLIST_KEY_UIApplicationSupportsIndirectInputEvents = YES;
				INFOPLIST_KEY_UILaunchScreen_Generation = YES;
				INFOPLIST_KEY_UISupportedInterfaceOrientations_iPad = "UIInterfaceOrientationPortrait UIInterfaceOrientationPortraitUpsideDown UIInterfaceOrientationLandscapeLeft UIInterfaceOrientationLandscapeRight";
				INFOPLIST_KEY_UISupportedInterfaceOrientations_iPhone = "UIInterfaceOrientationPortrait UIInterfaceOrientationLandscapeLeft UIInterfaceOrientationLandscapeRight";
				LD_RUNPATH_SEARCH_PATHS = (
					"$(inherited)",
					"@executable_path/Frameworks",
				);
				MARKETING_VERSION = 1.0;
				PRODUCT_BUNDLE_IDENTIFIER = mikeSyntax.MeetMeAtTheCampfire;
				PRODUCT_NAME = "$(TARGET_NAME)";
				SUPPORTED_PLATFORMS = "iphoneos iphonesimulator";
				SUPPORTS_MACCATALYST = NO;
				SUPPORTS_MAC_DESIGNED_FOR_IPHONE_IPAD = NO;
				SWIFT_EMIT_LOC_STRINGS = YES;
				SWIFT_VERSION = 5.0;
				TARGETED_DEVICE_FAMILY = 1;
			};
			name = Debug;
		};
		2B2778BE2B8F5C9C00779FB5 /* Release */ = {
			isa = XCBuildConfiguration;
			buildSettings = {
				ASSETCATALOG_COMPILER_APPICON_NAME = AppIcon;
				ASSETCATALOG_COMPILER_GLOBAL_ACCENT_COLOR_NAME = AccentColor;
				CODE_SIGN_STYLE = Automatic;
				CURRENT_PROJECT_VERSION = 1;
				DEVELOPMENT_ASSET_PATHS = "\"MeetMeAtTheCampfire/Preview Content\"";
				ENABLE_PREVIEWS = YES;
				GENERATE_INFOPLIST_FILE = YES;
				INFOPLIST_KEY_NSLocationWhenInUseUsageDescription = "Get your location for show your local place";
				INFOPLIST_KEY_UIApplicationSceneManifest_Generation = YES;
				INFOPLIST_KEY_UIApplicationSupportsIndirectInputEvents = YES;
				INFOPLIST_KEY_UILaunchScreen_Generation = YES;
				INFOPLIST_KEY_UISupportedInterfaceOrientations_iPad = "UIInterfaceOrientationPortrait UIInterfaceOrientationPortraitUpsideDown UIInterfaceOrientationLandscapeLeft UIInterfaceOrientationLandscapeRight";
				INFOPLIST_KEY_UISupportedInterfaceOrientations_iPhone = "UIInterfaceOrientationPortrait UIInterfaceOrientationLandscapeLeft UIInterfaceOrientationLandscapeRight";
				LD_RUNPATH_SEARCH_PATHS = (
					"$(inherited)",
					"@executable_path/Frameworks",
				);
				MARKETING_VERSION = 1.0;
				PRODUCT_BUNDLE_IDENTIFIER = mikeSyntax.MeetMeAtTheCampfire;
				PRODUCT_NAME = "$(TARGET_NAME)";
				SUPPORTED_PLATFORMS = "iphoneos iphonesimulator";
				SUPPORTS_MACCATALYST = NO;
				SUPPORTS_MAC_DESIGNED_FOR_IPHONE_IPAD = NO;
				SWIFT_EMIT_LOC_STRINGS = YES;
				SWIFT_VERSION = 5.0;
				TARGETED_DEVICE_FAMILY = 1;
			};
			name = Release;
		};
/* End XCBuildConfiguration section */

/* Begin XCConfigurationList section */
		2B2778A92B8F5C9B00779FB5 /* Build configuration list for PBXProject "MeetMeAtTheCampfire" */ = {
			isa = XCConfigurationList;
			buildConfigurations = (
				2B2778BA2B8F5C9C00779FB5 /* Debug */,
				2B2778BB2B8F5C9C00779FB5 /* Release */,
			);
			defaultConfigurationIsVisible = 0;
			defaultConfigurationName = Release;
		};
		2B2778BC2B8F5C9C00779FB5 /* Build configuration list for PBXNativeTarget "MeetMeAtTheCampfire" */ = {
			isa = XCConfigurationList;
			buildConfigurations = (
				2B2778BD2B8F5C9C00779FB5 /* Debug */,
				2B2778BE2B8F5C9C00779FB5 /* Release */,
			);
			defaultConfigurationIsVisible = 0;
			defaultConfigurationName = Release;
		};
/* End XCConfigurationList section */

/* Begin XCRemoteSwiftPackageReference section */
		2B2778C12B9069D700779FB5 /* XCRemoteSwiftPackageReference "firebase-ios-sdk" */ = {
			isa = XCRemoteSwiftPackageReference;
			repositoryURL = "https://github.com/firebase/firebase-ios-sdk";
			requirement = {
				kind = upToNextMajorVersion;
				minimumVersion = 10.21.0;
			};
		};
/* End XCRemoteSwiftPackageReference section */

/* Begin XCSwiftPackageProductDependency section */
		2B2778C22B9069D700779FB5 /* FirebaseAnalytics */ = {
			isa = XCSwiftPackageProductDependency;
			package = 2B2778C12B9069D700779FB5 /* XCRemoteSwiftPackageReference "firebase-ios-sdk" */;
			productName = FirebaseAnalytics;
		};
		2B2778C42B9069D700779FB5 /* FirebaseAnalyticsOnDeviceConversion */ = {
			isa = XCSwiftPackageProductDependency;
			package = 2B2778C12B9069D700779FB5 /* XCRemoteSwiftPackageReference "firebase-ios-sdk" */;
			productName = FirebaseAnalyticsOnDeviceConversion;
		};
		2B2778C62B9069D700779FB5 /* FirebaseAnalyticsSwift */ = {
			isa = XCSwiftPackageProductDependency;
			package = 2B2778C12B9069D700779FB5 /* XCRemoteSwiftPackageReference "firebase-ios-sdk" */;
			productName = FirebaseAnalyticsSwift;
		};
		2B2778C82B9069D700779FB5 /* FirebaseAnalyticsWithoutAdIdSupport */ = {
			isa = XCSwiftPackageProductDependency;
			package = 2B2778C12B9069D700779FB5 /* XCRemoteSwiftPackageReference "firebase-ios-sdk" */;
			productName = FirebaseAnalyticsWithoutAdIdSupport;
		};
		2B2778CA2B9069D700779FB5 /* FirebaseAppCheck */ = {
			isa = XCSwiftPackageProductDependency;
			package = 2B2778C12B9069D700779FB5 /* XCRemoteSwiftPackageReference "firebase-ios-sdk" */;
			productName = FirebaseAppCheck;
		};
		2B2778CD2B906C4E00779FB5 /* FirebaseAppDistribution-Beta */ = {
			isa = XCSwiftPackageProductDependency;
			package = 2B2778C12B9069D700779FB5 /* XCRemoteSwiftPackageReference "firebase-ios-sdk" */;
			productName = "FirebaseAppDistribution-Beta";
		};
		2B2778CF2B906C4E00779FB5 /* FirebaseAuth */ = {
			isa = XCSwiftPackageProductDependency;
			package = 2B2778C12B9069D700779FB5 /* XCRemoteSwiftPackageReference "firebase-ios-sdk" */;
			productName = FirebaseAuth;
		};
		2B2778D12B906C4E00779FB5 /* FirebaseAuthCombine-Community */ = {
			isa = XCSwiftPackageProductDependency;
			package = 2B2778C12B9069D700779FB5 /* XCRemoteSwiftPackageReference "firebase-ios-sdk" */;
			productName = "FirebaseAuthCombine-Community";
		};
		2B2778D32B906C4E00779FB5 /* FirebaseCrashlytics */ = {
			isa = XCSwiftPackageProductDependency;
			package = 2B2778C12B9069D700779FB5 /* XCRemoteSwiftPackageReference "firebase-ios-sdk" */;
			productName = FirebaseCrashlytics;
		};
		2B2778D52B906C4E00779FB5 /* FirebaseDatabase */ = {
			isa = XCSwiftPackageProductDependency;
			package = 2B2778C12B9069D700779FB5 /* XCRemoteSwiftPackageReference "firebase-ios-sdk" */;
			productName = FirebaseDatabase;
		};
		2B2778D72B906C4E00779FB5 /* FirebaseDatabaseSwift */ = {
			isa = XCSwiftPackageProductDependency;
			package = 2B2778C12B9069D700779FB5 /* XCRemoteSwiftPackageReference "firebase-ios-sdk" */;
			productName = FirebaseDatabaseSwift;
		};
		2B2778D92B906C4E00779FB5 /* FirebaseDynamicLinks */ = {
			isa = XCSwiftPackageProductDependency;
			package = 2B2778C12B9069D700779FB5 /* XCRemoteSwiftPackageReference "firebase-ios-sdk" */;
			productName = FirebaseDynamicLinks;
		};
		2B2778DB2B906C4E00779FB5 /* FirebaseFirestore */ = {
			isa = XCSwiftPackageProductDependency;
			package = 2B2778C12B9069D700779FB5 /* XCRemoteSwiftPackageReference "firebase-ios-sdk" */;
			productName = FirebaseFirestore;
		};
		2B2778DD2B906C4E00779FB5 /* FirebaseFirestoreCombine-Community */ = {
			isa = XCSwiftPackageProductDependency;
			package = 2B2778C12B9069D700779FB5 /* XCRemoteSwiftPackageReference "firebase-ios-sdk" */;
			productName = "FirebaseFirestoreCombine-Community";
		};
		2B2778DF2B906C4E00779FB5 /* FirebaseFirestoreSwift */ = {
			isa = XCSwiftPackageProductDependency;
			package = 2B2778C12B9069D700779FB5 /* XCRemoteSwiftPackageReference "firebase-ios-sdk" */;
			productName = FirebaseFirestoreSwift;
		};
		2B2778E12B906C4E00779FB5 /* FirebaseFunctions */ = {
			isa = XCSwiftPackageProductDependency;
			package = 2B2778C12B9069D700779FB5 /* XCRemoteSwiftPackageReference "firebase-ios-sdk" */;
			productName = FirebaseFunctions;
		};
		2B2778E32B906C4E00779FB5 /* FirebaseFunctionsCombine-Community */ = {
			isa = XCSwiftPackageProductDependency;
			package = 2B2778C12B9069D700779FB5 /* XCRemoteSwiftPackageReference "firebase-ios-sdk" */;
			productName = "FirebaseFunctionsCombine-Community";
		};
		2B2778E52B906C4E00779FB5 /* FirebaseInAppMessaging-Beta */ = {
			isa = XCSwiftPackageProductDependency;
			package = 2B2778C12B9069D700779FB5 /* XCRemoteSwiftPackageReference "firebase-ios-sdk" */;
			productName = "FirebaseInAppMessaging-Beta";
		};
		2B2778E72B906C4E00779FB5 /* FirebaseInAppMessagingSwift-Beta */ = {
			isa = XCSwiftPackageProductDependency;
			package = 2B2778C12B9069D700779FB5 /* XCRemoteSwiftPackageReference "firebase-ios-sdk" */;
			productName = "FirebaseInAppMessagingSwift-Beta";
		};
		2B2778E92B906C4E00779FB5 /* FirebaseInstallations */ = {
			isa = XCSwiftPackageProductDependency;
			package = 2B2778C12B9069D700779FB5 /* XCRemoteSwiftPackageReference "firebase-ios-sdk" */;
			productName = FirebaseInstallations;
		};
		2B2778EB2B906C4E00779FB5 /* FirebaseMessaging */ = {
			isa = XCSwiftPackageProductDependency;
			package = 2B2778C12B9069D700779FB5 /* XCRemoteSwiftPackageReference "firebase-ios-sdk" */;
			productName = FirebaseMessaging;
		};
		2B2778ED2B906C4E00779FB5 /* FirebaseMLModelDownloader */ = {
			isa = XCSwiftPackageProductDependency;
			package = 2B2778C12B9069D700779FB5 /* XCRemoteSwiftPackageReference "firebase-ios-sdk" */;
			productName = FirebaseMLModelDownloader;
		};
		2B2778EF2B906C4E00779FB5 /* FirebasePerformance */ = {
			isa = XCSwiftPackageProductDependency;
			package = 2B2778C12B9069D700779FB5 /* XCRemoteSwiftPackageReference "firebase-ios-sdk" */;
			productName = FirebasePerformance;
		};
		2B2778F12B906C4E00779FB5 /* FirebaseRemoteConfig */ = {
			isa = XCSwiftPackageProductDependency;
			package = 2B2778C12B9069D700779FB5 /* XCRemoteSwiftPackageReference "firebase-ios-sdk" */;
			productName = FirebaseRemoteConfig;
		};
		2B2778F32B906C4E00779FB5 /* FirebaseRemoteConfigSwift */ = {
			isa = XCSwiftPackageProductDependency;
			package = 2B2778C12B9069D700779FB5 /* XCRemoteSwiftPackageReference "firebase-ios-sdk" */;
			productName = FirebaseRemoteConfigSwift;
		};
		2B2778F52B906C4E00779FB5 /* FirebaseStorage */ = {
			isa = XCSwiftPackageProductDependency;
			package = 2B2778C12B9069D700779FB5 /* XCRemoteSwiftPackageReference "firebase-ios-sdk" */;
			productName = FirebaseStorage;
		};
		2B2778F72B906C4E00779FB5 /* FirebaseStorageCombine-Community */ = {
			isa = XCSwiftPackageProductDependency;
			package = 2B2778C12B9069D700779FB5 /* XCRemoteSwiftPackageReference "firebase-ios-sdk" */;
			productName = "FirebaseStorageCombine-Community";
		};
/* End XCSwiftPackageProductDependency section */
	};
	rootObject = 2B2778A62B8F5C9B00779FB5 /* Project object */;
}
